// !$*UTF8*$!
{
	archiveVersion = 1;
	classes = {
	};
	objectVersion = 50;
	objects = {

/* Begin PBXBuildFile section */
		D14974D021E43BF8003412C4 /* AppDelegate.m in Sources */ = {isa = PBXBuildFile; fileRef = D14974CF21E43BF8003412C4 /* AppDelegate.m */; };
		D14974D221E43BF9003412C4 /* Assets.xcassets in Resources */ = {isa = PBXBuildFile; fileRef = D14974D121E43BF9003412C4 /* Assets.xcassets */; };
		D14974D521E43BF9003412C4 /* MainMenu.xib in Resources */ = {isa = PBXBuildFile; fileRef = D14974D321E43BF9003412C4 /* MainMenu.xib */; };
		D14974D821E43BF9003412C4 /* main.m in Sources */ = {isa = PBXBuildFile; fileRef = D14974D721E43BF9003412C4 /* main.m */; };
		D14974E121E443D4003412C4 /* GGMTLRenderer.m in Sources */ = {isa = PBXBuildFile; fileRef = D14974DF21E443D4003412C4 /* GGMTLRenderer.m */; };
		D14974E521E4442D003412C4 /* AAPLShaders.metal in Sources */ = {isa = PBXBuildFile; fileRef = D14974E321E4442D003412C4 /* AAPLShaders.metal */; };
		D15D6A7221F1217100DAFC7E /* LKGManager.m in Sources */ = {isa = PBXBuildFile; fileRef = D15D6A7121F1217100DAFC7E /* LKGManager.m */; };
/* End PBXBuildFile section */

/* Begin PBXFileReference section */
		D14974CB21E43BF8003412C4 /* lgtoy.app */ = {isa = PBXFileReference; explicitFileType = wrapper.application; includeInIndex = 0; path = lgtoy.app; sourceTree = BUILT_PRODUCTS_DIR; };
		D14974CE21E43BF8003412C4 /* AppDelegate.h */ = {isa = PBXFileReference; lastKnownFileType = sourcecode.c.h; path = AppDelegate.h; sourceTree = "<group>"; };
		D14974CF21E43BF8003412C4 /* AppDelegate.m */ = {isa = PBXFileReference; lastKnownFileType = sourcecode.c.objc; path = AppDelegate.m; sourceTree = "<group>"; };
		D14974D121E43BF9003412C4 /* Assets.xcassets */ = {isa = PBXFileReference; lastKnownFileType = folder.assetcatalog; path = Assets.xcassets; sourceTree = "<group>"; };
		D14974D421E43BF9003412C4 /* Base */ = {isa = PBXFileReference; lastKnownFileType = file.xib; name = Base; path = Base.lproj/MainMenu.xib; sourceTree = "<group>"; };
		D14974D621E43BF9003412C4 /* Info.plist */ = {isa = PBXFileReference; lastKnownFileType = text.plist.xml; path = Info.plist; sourceTree = "<group>"; };
		D14974D721E43BF9003412C4 /* main.m */ = {isa = PBXFileReference; lastKnownFileType = sourcecode.c.objc; path = main.m; sourceTree = "<group>"; };
		D14974DF21E443D4003412C4 /* GGMTLRenderer.m */ = {isa = PBXFileReference; fileEncoding = 4; lastKnownFileType = sourcecode.c.objc; path = GGMTLRenderer.m; sourceTree = "<group>"; };
		D14974E021E443D4003412C4 /* GGMTLRenderer.h */ = {isa = PBXFileReference; fileEncoding = 4; lastKnownFileType = sourcecode.c.h; path = GGMTLRenderer.h; sourceTree = "<group>"; };
		D14974E221E4442D003412C4 /* AAPLShaderTypes.h */ = {isa = PBXFileReference; fileEncoding = 4; lastKnownFileType = sourcecode.c.h; path = AAPLShaderTypes.h; sourceTree = "<group>"; };
		D14974E321E4442D003412C4 /* AAPLShaders.metal */ = {isa = PBXFileReference; fileEncoding = 4; lastKnownFileType = sourcecode.metal; path = AAPLShaders.metal; sourceTree = "<group>"; };
		D15D6A7021F1217100DAFC7E /* LKGManager.h */ = {isa = PBXFileReference; lastKnownFileType = sourcecode.c.h; path = LKGManager.h; sourceTree = "<group>"; };
		D15D6A7121F1217100DAFC7E /* LKGManager.m */ = {isa = PBXFileReference; lastKnownFileType = sourcecode.c.objc; path = LKGManager.m; sourceTree = "<group>"; };
/* End PBXFileReference section */

/* Begin PBXFrameworksBuildPhase section */
		D14974C821E43BF8003412C4 /* Frameworks */ = {
			isa = PBXFrameworksBuildPhase;
			buildActionMask = 2147483647;
			files = (
			);
			runOnlyForDeploymentPostprocessing = 0;
		};
/* End PBXFrameworksBuildPhase section */

/* Begin PBXGroup section */
		D14974C221E43BF8003412C4 = {
			isa = PBXGroup;
			children = (
				D14974CD21E43BF8003412C4 /* lgtoy */,
				D14974CC21E43BF8003412C4 /* Products */,
			);
			sourceTree = "<group>";
		};
		D14974CC21E43BF8003412C4 /* Products */ = {
			isa = PBXGroup;
			children = (
				D14974CB21E43BF8003412C4 /* lgtoy.app */,
			);
			name = Products;
			sourceTree = "<group>";
		};
		D14974CD21E43BF8003412C4 /* lgtoy */ = {
			isa = PBXGroup;
			children = (
				D15D6A7021F1217100DAFC7E /* LKGManager.h */,
				D15D6A7121F1217100DAFC7E /* LKGManager.m */,
				D14974E321E4442D003412C4 /* AAPLShaders.metal */,
				D14974E221E4442D003412C4 /* AAPLShaderTypes.h */,
				D14974E021E443D4003412C4 /* GGMTLRenderer.h */,
				D14974DF21E443D4003412C4 /* GGMTLRenderer.m */,
				D14974CE21E43BF8003412C4 /* AppDelegate.h */,
				D14974CF21E43BF8003412C4 /* AppDelegate.m */,
				D14974D121E43BF9003412C4 /* Assets.xcassets */,
				D14974D321E43BF9003412C4 /* MainMenu.xib */,
				D14974D621E43BF9003412C4 /* Info.plist */,
				D14974D721E43BF9003412C4 /* main.m */,
			);
			path = lgtoy;
			sourceTree = "<group>";
		};
/* End PBXGroup section */

/* Begin PBXNativeTarget section */
		D14974CA21E43BF8003412C4 /* lgtoy */ = {
			isa = PBXNativeTarget;
			buildConfigurationList = D14974DC21E43BF9003412C4 /* Build configuration list for PBXNativeTarget "lgtoy" */;
			buildPhases = (
				D14974C721E43BF8003412C4 /* Sources */,
				D14974C821E43BF8003412C4 /* Frameworks */,
				D14974C921E43BF8003412C4 /* Resources */,
			);
			buildRules = (
			);
			dependencies = (
			);
			name = lgtoy;
			productName = lgtoy;
			productReference = D14974CB21E43BF8003412C4 /* lgtoy.app */;
			productType = "com.apple.product-type.application";
		};
/* End PBXNativeTarget section */

/* Begin PBXProject section */
		D14974C321E43BF8003412C4 /* Project object */ = {
			isa = PBXProject;
			attributes = {
				LastUpgradeCheck = 1010;
				ORGANIZATIONNAME = gibsongroup;
				TargetAttributes = {
					D14974CA21E43BF8003412C4 = {
						CreatedOnToolsVersion = 10.1;
					};
				};
			};
			buildConfigurationList = D14974C621E43BF8003412C4 /* Build configuration list for PBXProject "lgtoy" */;
			compatibilityVersion = "Xcode 9.3";
			developmentRegion = en;
			hasScannedForEncodings = 0;
			knownRegions = (
				en,
				Base,
			);
			mainGroup = D14974C221E43BF8003412C4;
			productRefGroup = D14974CC21E43BF8003412C4 /* Products */;
			projectDirPath = "";
			projectRoot = "";
			targets = (
				D14974CA21E43BF8003412C4 /* lgtoy */,
			);
		};
/* End PBXProject section */

/* Begin PBXResourcesBuildPhase section */
		D14974C921E43BF8003412C4 /* Resources */ = {
			isa = PBXResourcesBuildPhase;
			buildActionMask = 2147483647;
			files = (
				D14974D221E43BF9003412C4 /* Assets.xcassets in Resources */,
				D14974D521E43BF9003412C4 /* MainMenu.xib in Resources */,
			);
			runOnlyForDeploymentPostprocessing = 0;
		};
/* End PBXResourcesBuildPhase section */

/* Begin PBXSourcesBuildPhase section */
		D14974C721E43BF8003412C4 /* Sources */ = {
			isa = PBXSourcesBuildPhase;
			buildActionMask = 2147483647;
			files = (
				D14974E121E443D4003412C4 /* GGMTLRenderer.m in Sources */,
				D14974D821E43BF9003412C4 /* main.m in Sources */,
				D14974E521E4442D003412C4 /* AAPLShaders.metal in Sources */,
				D14974D021E43BF8003412C4 /* AppDelegate.m in Sources */,
				D15D6A7221F1217100DAFC7E /* LKGManager.m in Sources */,
			);
			runOnlyForDeploymentPostprocessing = 0;
		};
/* End PBXSourcesBuildPhase section */

/* Begin PBXVariantGroup section */
		D14974D321E43BF9003412C4 /* MainMenu.xib */ = {
			isa = PBXVariantGroup;
			children = (
				D14974D421E43BF9003412C4 /* Base */,
			);
			name = MainMenu.xib;
			sourceTree = "<group>";
		};
/* End PBXVariantGroup section */

/* Begin XCBuildConfiguration section */
		D14974DA21E43BF9003412C4 /* Debug */ = {
			isa = XCBuildConfiguration;
			buildSettings = {
				ALWAYS_SEARCH_USER_PATHS = NO;
				CLANG_ANALYZER_NONNULL = YES;
				CLANG_ANALYZER_NUMBER_OBJECT_CONVERSION = YES_AGGRESSIVE;
				CLANG_CXX_LANGUAGE_STANDARD = "gnu++14";
				CLANG_CXX_LIBRARY = "libc++";
				CLANG_ENABLE_MODULES = YES;
				CLANG_ENABLE_OBJC_ARC = YES;
				CLANG_ENABLE_OBJC_WEAK = YES;
				CLANG_WARN_BLOCK_CAPTURE_AUTORELEASING = YES;
				CLANG_WARN_BOOL_CONVERSION = YES;
				CLANG_WARN_COMMA = YES;
				CLANG_WARN_CONSTANT_CONVERSION = YES;
				CLANG_WARN_DEPRECATED_OBJC_IMPLEMENTATIONS = YES;
				CLANG_WARN_DIRECT_OBJC_ISA_USAGE = YES_ERROR;
				CLANG_WARN_DOCUMENTATION_COMMENTS = YES;
				CLANG_WARN_EMPTY_BODY = YES;
				CLANG_WARN_ENUM_CONVERSION = YES;
				CLANG_WARN_INFINITE_RECURSION = YES;
				CLANG_WARN_INT_CONVERSION = YES;
				CLANG_WARN_NON_LITERAL_NULL_CONVERSION = YES;
				CLANG_WARN_OBJC_IMPLICIT_RETAIN_SELF = YES;
				CLANG_WARN_OBJC_LITERAL_CONVERSION = YES;
				CLANG_WARN_OBJC_ROOT_CLASS = YES_ERROR;
				CLANG_WARN_RANGE_LOOP_ANALYSIS = YES;
				CLANG_WARN_STRICT_PROTOTYPES = YES;
				CLANG_WARN_SUSPICIOUS_MOVE = YES;
				CLANG_WARN_UNGUARDED_AVAILABILITY = YES_AGGRESSIVE;
				CLANG_WARN_UNREACHABLE_CODE = YES;
				CLANG_WARN__DUPLICATE_METHOD_MATCH = YES;
				CODE_SIGN_IDENTITY = "-";
				COPY_PHASE_STRIP = NO;
				DEBUG_INFORMATION_FORMAT = dwarf;
				ENABLE_STRICT_OBJC_MSGSEND = YES;
				ENABLE_TESTABILITY = YES;
				GCC_C_LANGUAGE_STANDARD = gnu11;
				GCC_DYNAMIC_NO_PIC = NO;
				GCC_NO_COMMON_BLOCKS = YES;
				GCC_OPTIMIZATION_LEVEL = 0;
				GCC_PREPROCESSOR_DEFINITIONS = (
					"DEBUG=1",
					"$(inherited)",
				);
				GCC_WARN_64_TO_32_BIT_CONVERSION = YES;
				GCC_WARN_ABOUT_RETURN_TYPE = YES_ERROR;
				GCC_WARN_UNDECLARED_SELECTOR = YES;
				GCC_WARN_UNINITIALIZED_AUTOS = YES_AGGRESSIVE;
				GCC_WARN_UNUSED_FUNCTION = YES;
				GCC_WARN_UNUSED_VARIABLE = YES;
				MACOSX_DEPLOYMENT_TARGET = 10.14;
				MTL_ENABLE_DEBUG_INFO = INCLUDE_SOURCE;
				MTL_FAST_MATH = YES;
				ONLY_ACTIVE_ARCH = YES;
				SDKROOT = macosx;
			};
			name = Debug;
		};
		D14974DB21E43BF9003412C4 /* Release */ = {
			isa = XCBuildConfiguration;
			buildSettings = {
				ALWAYS_SEARCH_USER_PATHS = NO;
				CLANG_ANALYZER_NONNULL = YES;
				CLANG_ANALYZER_NUMBER_OBJECT_CONVERSION = YES_AGGRESSIVE;
				CLANG_CXX_LANGUAGE_STANDARD = "gnu++14";
				CLANG_CXX_LIBRARY = "libc++";
				CLANG_ENABLE_MODULES = YES;
				CLANG_ENABLE_OBJC_ARC = YES;
				CLANG_ENABLE_OBJC_WEAK = YES;
				CLANG_WARN_BLOCK_CAPTURE_AUTORELEASING = YES;
				CLANG_WARN_BOOL_CONVERSION = YES;
				CLANG_WARN_COMMA = YES;
				CLANG_WARN_CONSTANT_CONVERSION = YES;
				CLANG_WARN_DEPRECATED_OBJC_IMPLEMENTATIONS = YES;
				CLANG_WARN_DIRECT_OBJC_ISA_USAGE = YES_ERROR;
				CLANG_WARN_DOCUMENTATION_COMMENTS = YES;
				CLANG_WARN_EMPTY_BODY = YES;
				CLANG_WARN_ENUM_CONVERSION = YES;
				CLANG_WARN_INFINITE_RECURSION = YES;
				CLANG_WARN_INT_CONVERSION = YES;
				CLANG_WARN_NON_LITERAL_NULL_CONVERSION = YES;
				CLANG_WARN_OBJC_IMPLICIT_RETAIN_SELF = YES;
				CLANG_WARN_OBJC_LITERAL_CONVERSION = YES;
				CLANG_WARN_OBJC_ROOT_CLASS = YES_ERROR;
				CLANG_WARN_RANGE_LOOP_ANALYSIS = YES;
				CLANG_WARN_STRICT_PROTOTYPES = YES;
				CLANG_WARN_SUSPICIOUS_MOVE = YES;
				CLANG_WARN_UNGUARDED_AVAILABILITY = YES_AGGRESSIVE;
				CLANG_WARN_UNREACHABLE_CODE = YES;
				CLANG_WARN__DUPLICATE_METHOD_MATCH = YES;
				CODE_SIGN_IDENTITY = "-";
				COPY_PHASE_STRIP = NO;
				DEBUG_INFORMATION_FORMAT = "dwarf-with-dsym";
				ENABLE_NS_ASSERTIONS = NO;
				ENABLE_STRICT_OBJC_MSGSEND = YES;
				GCC_C_LANGUAGE_STANDARD = gnu11;
				GCC_NO_COMMON_BLOCKS = YES;
				GCC_WARN_64_TO_32_BIT_CONVERSION = YES;
				GCC_WARN_ABOUT_RETURN_TYPE = YES_ERROR;
				GCC_WARN_UNDECLARED_SELECTOR = YES;
				GCC_WARN_UNINITIALIZED_AUTOS = YES_AGGRESSIVE;
				GCC_WARN_UNUSED_FUNCTION = YES;
				GCC_WARN_UNUSED_VARIABLE = YES;
				MACOSX_DEPLOYMENT_TARGET = 10.14;
				MTL_ENABLE_DEBUG_INFO = NO;
				MTL_FAST_MATH = YES;
				SDKROOT = macosx;
			};
			name = Release;
		};
		D14974DD21E43BF9003412C4 /* Debug */ = {
			isa = XCBuildConfiguration;
			buildSettings = {
				ASSETCATALOG_COMPILER_APPICON_NAME = AppIcon;
				CODE_SIGN_ENTITLEMENTS = "";
				CODE_SIGN_STYLE = Manual;
				COMBINE_HIDPI_IMAGES = YES;
				DEVELOPMENT_TEAM = "";
				INFOPLIST_FILE = lgtoy/Info.plist;
				LD_RUNPATH_SEARCH_PATHS = (
					"$(inherited)",
					"@executable_path/../Frameworks",
				);
				PRODUCT_BUNDLE_IDENTIFIER = nz.derp.lgtoy;
				PRODUCT_NAME = "$(TARGET_NAME)";
				PROVISIONING_PROFILE_SPECIFIER = "";
			};
			name = Debug;
		};
		D14974DE21E43BF9003412C4 /* Release */ = {
			isa = XCBuildConfiguration;
			buildSettings = {
				ASSETCATALOG_COMPILER_APPICON_NAME = AppIcon;
				CODE_SIGN_ENTITLEMENTS = "";
				CODE_SIGN_STYLE = Manual;
				COMBINE_HIDPI_IMAGES = YES;
				DEVELOPMENT_TEAM = "";
				INFOPLIST_FILE = lgtoy/Info.plist;
				LD_RUNPATH_SEARCH_PATHS = (
					"$(inherited)",
					"@executable_path/../Frameworks",
				);
				PRODUCT_BUNDLE_IDENTIFIER = nz.derp.lgtoy;
				PRODUCT_NAME = "$(TARGET_NAME)";
				PROVISIONING_PROFILE_SPECIFIER = "";
			};
			name = Release;
		};
/* End XCBuildConfiguration section */

/* Begin XCConfigurationList section */
		D14974C621E43BF8003412C4 /* Build configuration list for PBXProject "lgtoy" */ = {
			isa = XCConfigurationList;
			buildConfigurations = (
				D14974DA21E43BF9003412C4 /* Debug */,
				D14974DB21E43BF9003412C4 /* Release */,
			);
			defaultConfigurationIsVisible = 0;
			defaultConfigurationName = Release;
		};
		D14974DC21E43BF9003412C4 /* Build configuration list for PBXNativeTarget "lgtoy" */ = {
			isa = XCConfigurationList;
			buildConfigurations = (
				D14974DD21E43BF9003412C4 /* Debug */,
				D14974DE21E43BF9003412C4 /* Release */,
			);
			defaultConfigurationIsVisible = 0;
			defaultConfigurationName = Release;
		};
/* End XCConfigurationList section */
	};
	rootObject = D14974C321E43BF8003412C4 /* Project object */;
}
